// !$*UTF8*$!
{
	archiveVersion = 1;
	classes = {
	};
	objectVersion = 46;
	objects = {

/* Begin PBXBuildFile section */
		D0A7A1181E3FD9E100A9D6CA /* ComputerVision_0.1.cpp in Sources */ = {isa = PBXBuildFile; fileRef = D0A7A1131E3FD9E100A9D6CA /* ComputerVision_0.1.cpp */; };
		D0A7A11B1E3FDA3200A9D6CA /* README.md in Sources */ = {isa = PBXBuildFile; fileRef = D0A7A11A1E3FDA3200A9D6CA /* README.md */; };
		D0F0FA1F1E456780004132EC /* libopencv_aruco.3.2.0.dylib in Frameworks */ = {isa = PBXBuildFile; fileRef = D01637471E45598C002DCA39 /* libopencv_aruco.3.2.0.dylib */; };
		D0F0FA201E456780004132EC /* libopencv_bgsegm.3.2.0.dylib in Frameworks */ = {isa = PBXBuildFile; fileRef = D01637481E45598C002DCA39 /* libopencv_bgsegm.3.2.0.dylib */; };
		D0F0FA211E456780004132EC /* libopencv_bioinspired.3.2.0.dylib in Frameworks */ = {isa = PBXBuildFile; fileRef = D016374D1E45598C002DCA39 /* libopencv_bioinspired.3.2.0.dylib */; };
		D0F0FA221E456780004132EC /* libopencv_calib3d.3.2.0.dylib in Frameworks */ = {isa = PBXBuildFile; fileRef = D01637501E45598C002DCA39 /* libopencv_calib3d.3.2.0.dylib */; };
		D0F0FA231E456780004132EC /* libopencv_ccalib.3.2.0.dylib in Frameworks */ = {isa = PBXBuildFile; fileRef = D01637531E45598C002DCA39 /* libopencv_ccalib.3.2.0.dylib */; };
		D0F0FA241E456780004132EC /* libopencv_core.3.2.0.dylib in Frameworks */ = {isa = PBXBuildFile; fileRef = D01637561E45598C002DCA39 /* libopencv_core.3.2.0.dylib */; };
		D0F0FA251E456780004132EC /* libopencv_datasets.3.2.0.dylib in Frameworks */ = {isa = PBXBuildFile; fileRef = D01637571E45598C002DCA39 /* libopencv_datasets.3.2.0.dylib */; };
		D0F0FA261E456780004132EC /* libopencv_dnn.3.2.0.dylib in Frameworks */ = {isa = PBXBuildFile; fileRef = D016375B1E45598C002DCA39 /* libopencv_dnn.3.2.0.dylib */; };
		D0F0FA271E456780004132EC /* libopencv_dpm.3.2.0.dylib in Frameworks */ = {isa = PBXBuildFile; fileRef = D016375E1E45598C002DCA39 /* libopencv_dpm.3.2.0.dylib */; };
		D0F0FA281E456780004132EC /* libopencv_face.3.2.0.dylib in Frameworks */ = {isa = PBXBuildFile; fileRef = D01637611E45598C002DCA39 /* libopencv_face.3.2.0.dylib */; };
		D0F0FA291E456780004132EC /* libopencv_features2d.3.2.0.dylib in Frameworks */ = {isa = PBXBuildFile; fileRef = D01637651E45598C002DCA39 /* libopencv_features2d.3.2.0.dylib */; };
		D0F0FA2A1E456780004132EC /* libopencv_flann.3.2.0.dylib in Frameworks */ = {isa = PBXBuildFile; fileRef = D01637661E45598C002DCA39 /* libopencv_flann.3.2.0.dylib */; };
		D0F0FA2B1E456780004132EC /* libopencv_fuzzy.3.2.0.dylib in Frameworks */ = {isa = PBXBuildFile; fileRef = D016376B1E45598C002DCA39 /* libopencv_fuzzy.3.2.0.dylib */; };
		D0F0FA2C1E456780004132EC /* libopencv_highgui.3.2.0.dylib in Frameworks */ = {isa = PBXBuildFile; fileRef = D016376C1E45598C002DCA39 /* libopencv_highgui.3.2.0.dylib */; };
		D0F0FA2D1E456780004132EC /* libopencv_imgcodecs.3.2.0.dylib in Frameworks */ = {isa = PBXBuildFile; fileRef = D01637711E45598C002DCA39 /* libopencv_imgcodecs.3.2.0.dylib */; };
		D0F0FA2E1E456780004132EC /* libopencv_imgproc.3.2.0.dylib in Frameworks */ = {isa = PBXBuildFile; fileRef = D01637741E45598C002DCA39 /* libopencv_imgproc.3.2.0.dylib */; };
		D0F0FA2F1E456780004132EC /* libopencv_line_descriptor.3.2.0.dylib in Frameworks */ = {isa = PBXBuildFile; fileRef = D01637761E45598D002DCA39 /* libopencv_line_descriptor.3.2.0.dylib */; };
		D0F0FA301E456780004132EC /* libopencv_ml.3.2.0.dylib in Frameworks */ = {isa = PBXBuildFile; fileRef = D01637781E45598D002DCA39 /* libopencv_ml.3.2.0.dylib */; };
		D0F0FA311E456780004132EC /* libopencv_objdetect.3.2.0.dylib in Frameworks */ = {isa = PBXBuildFile; fileRef = D016377B1E45598D002DCA39 /* libopencv_objdetect.3.2.0.dylib */; };
		D0F0FA321E456780004132EC /* libopencv_optflow.3.2.0.dylib in Frameworks */ = {isa = PBXBuildFile; fileRef = D016377F1E45598D002DCA39 /* libopencv_optflow.3.2.0.dylib */; };
		D0F0FA331E456780004132EC /* libopencv_phase_unwrapping.3.2.0.dylib in Frameworks */ = {isa = PBXBuildFile; fileRef = D01637811E45598D002DCA39 /* libopencv_phase_unwrapping.3.2.0.dylib */; };
		D0F0FA341E456780004132EC /* libopencv_photo.3.2.0.dylib in Frameworks */ = {isa = PBXBuildFile; fileRef = D01637841E45598D002DCA39 /* libopencv_photo.3.2.0.dylib */; };
		D0F0FA351E456780004132EC /* libopencv_plot.3.2.0.dylib in Frameworks */ = {isa = PBXBuildFile; fileRef = D01637881E45598D002DCA39 /* libopencv_plot.3.2.0.dylib */; };
		D0F0FA361E456780004132EC /* libopencv_reg.3.2.0.dylib in Frameworks */ = {isa = PBXBuildFile; fileRef = D016378B1E45598D002DCA39 /* libopencv_reg.3.2.0.dylib */; };
		D0F0FA371E456780004132EC /* libopencv_rgbd.3.2.0.dylib in Frameworks */ = {isa = PBXBuildFile; fileRef = D016378D1E45598D002DCA39 /* libopencv_rgbd.3.2.0.dylib */; };
		D0F0FA381E456780004132EC /* libopencv_saliency.3.2.0.dylib in Frameworks */ = {isa = PBXBuildFile; fileRef = D01637901E45598D002DCA39 /* libopencv_saliency.3.2.0.dylib */; };
		D0F0FA391E456780004132EC /* libopencv_shape.3.2.0.dylib in Frameworks */ = {isa = PBXBuildFile; fileRef = D01637931E45598D002DCA39 /* libopencv_shape.3.2.0.dylib */; };
		D0F0FA3A1E456780004132EC /* libopencv_stereo.3.2.0.dylib in Frameworks */ = {isa = PBXBuildFile; fileRef = D01637981E45598D002DCA39 /* libopencv_stereo.3.2.0.dylib */; };
		D0F0FA3B1E456780004132EC /* libopencv_stitching.3.2.0.dylib in Frameworks */ = {isa = PBXBuildFile; fileRef = D016379A1E45598D002DCA39 /* libopencv_stitching.3.2.0.dylib */; };
		D0F0FA3C1E456780004132EC /* libopencv_structured_light.3.2.0.dylib in Frameworks */ = {isa = PBXBuildFile; fileRef = D016379D1E45598D002DCA39 /* libopencv_structured_light.3.2.0.dylib */; };
		D0F0FA3D1E456780004132EC /* libopencv_superres.3.2.0.dylib in Frameworks */ = {isa = PBXBuildFile; fileRef = D01637A01E45598D002DCA39 /* libopencv_superres.3.2.0.dylib */; };
		D0F0FA3E1E456780004132EC /* libopencv_surface_matching.3.2.0.dylib in Frameworks */ = {isa = PBXBuildFile; fileRef = D01637A31E45598D002DCA39 /* libopencv_surface_matching.3.2.0.dylib */; };
		D0F0FA3F1E456780004132EC /* libopencv_text.3.2.0.dylib in Frameworks */ = {isa = PBXBuildFile; fileRef = D01637A61E45598D002DCA39 /* libopencv_text.3.2.0.dylib */; };
		D0F0FA401E456780004132EC /* libopencv_tracking.3.2.0.dylib in Frameworks */ = {isa = PBXBuildFile; fileRef = D01637AA1E45598D002DCA39 /* libopencv_tracking.3.2.0.dylib */; };
		D0F0FA411E456780004132EC /* libopencv_video.3.2.0.dylib in Frameworks */ = {isa = PBXBuildFile; fileRef = D01637AD1E45598D002DCA39 /* libopencv_video.3.2.0.dylib */; };
		D0F0FA421E456780004132EC /* libopencv_videoio.3.2.0.dylib in Frameworks */ = {isa = PBXBuildFile; fileRef = D01637AF1E45598D002DCA39 /* libopencv_videoio.3.2.0.dylib */; };
		D0F0FA431E456780004132EC /* libopencv_videostab.3.2.0.dylib in Frameworks */ = {isa = PBXBuildFile; fileRef = D01637B31E45598D002DCA39 /* libopencv_videostab.3.2.0.dylib */; };
		D0F0FA441E456780004132EC /* libopencv_xfeatures2d.3.2.0.dylib in Frameworks */ = {isa = PBXBuildFile; fileRef = D01637B51E45598D002DCA39 /* libopencv_xfeatures2d.3.2.0.dylib */; };
		D0F0FA451E456780004132EC /* libopencv_ximgproc.3.2.0.dylib in Frameworks */ = {isa = PBXBuildFile; fileRef = D01637B91E45598D002DCA39 /* libopencv_ximgproc.3.2.0.dylib */; };
		D0F0FA461E456780004132EC /* libopencv_xobjdetect.3.2.0.dylib in Frameworks */ = {isa = PBXBuildFile; fileRef = D01637BA1E45598D002DCA39 /* libopencv_xobjdetect.3.2.0.dylib */; };
		D0F0FA471E456780004132EC /* libopencv_xphoto.3.2.0.dylib in Frameworks */ = {isa = PBXBuildFile; fileRef = D01637BE1E45598D002DCA39 /* libopencv_xphoto.3.2.0.dylib */; };
/* End PBXBuildFile section */

/* Begin PBXCopyFilesBuildPhase section */
		D0A7A1071E3FD9B900A9D6CA /* CopyFiles */ = {
			isa = PBXCopyFilesBuildPhase;
			buildActionMask = 2147483647;
			dstPath = /usr/share/man/man1/;
			dstSubfolderSpec = 0;
			files = (
			);
			runOnlyForDeploymentPostprocessing = 1;
		};
/* End PBXCopyFilesBuildPhase section */

/* Begin PBXFileReference section */
		D01637451E45598C002DCA39 /* libopencv_aruco.3.2.0.dylib */ = {isa = PBXFileReference; lastKnownFileType = "compiled.mach-o.dylib"; name = libopencv_aruco.3.2.0.dylib; path = "../../../../../usr/local/Cellar/opencv3/HEAD-a2fed4c/lib/libopencv_aruco.3.2.0.dylib"; sourceTree = "<group>"; };
		D01637461E45598C002DCA39 /* libopencv_aruco.3.2.0.dylib */ = {isa = PBXFileReference; lastKnownFileType = "compiled.mach-o.dylib"; name = libopencv_aruco.3.2.0.dylib; path = "../../../../../usr/local/Cellar/opencv3/HEAD-a2fed4c/lib/libopencv_aruco.3.2.0.dylib"; sourceTree = "<group>"; };
		D01637471E45598C002DCA39 /* libopencv_aruco.3.2.0.dylib */ = {isa = PBXFileReference; lastKnownFileType = "compiled.mach-o.dylib"; name = libopencv_aruco.3.2.0.dylib; path = "../../../../../usr/local/Cellar/opencv3/HEAD-a2fed4c/lib/libopencv_aruco.3.2.0.dylib"; sourceTree = "<group>"; };
		D01637481E45598C002DCA39 /* libopencv_bgsegm.3.2.0.dylib */ = {isa = PBXFileReference; lastKnownFileType = "compiled.mach-o.dylib"; name = libopencv_bgsegm.3.2.0.dylib; path = "../../../../../usr/local/Cellar/opencv3/HEAD-a2fed4c/lib/libopencv_bgsegm.3.2.0.dylib"; sourceTree = "<group>"; };
		D01637491E45598C002DCA39 /* libopencv_bgsegm.3.2.0.dylib */ = {isa = PBXFileReference; lastKnownFileType = "compiled.mach-o.dylib"; name = libopencv_bgsegm.3.2.0.dylib; path = "../../../../../usr/local/Cellar/opencv3/HEAD-a2fed4c/lib/libopencv_bgsegm.3.2.0.dylib"; sourceTree = "<group>"; };
		D016374A1E45598C002DCA39 /* libopencv_bgsegm.3.2.0.dylib */ = {isa = PBXFileReference; lastKnownFileType = "compiled.mach-o.dylib"; name = libopencv_bgsegm.3.2.0.dylib; path = "../../../../../usr/local/Cellar/opencv3/HEAD-a2fed4c/lib/libopencv_bgsegm.3.2.0.dylib"; sourceTree = "<group>"; };
		D016374B1E45598C002DCA39 /* libopencv_bioinspired.3.2.0.dylib */ = {isa = PBXFileReference; lastKnownFileType = "compiled.mach-o.dylib"; name = libopencv_bioinspired.3.2.0.dylib; path = "../../../../../usr/local/Cellar/opencv3/HEAD-a2fed4c/lib/libopencv_bioinspired.3.2.0.dylib"; sourceTree = "<group>"; };
		D016374C1E45598C002DCA39 /* libopencv_bioinspired.3.2.0.dylib */ = {isa = PBXFileReference; lastKnownFileType = "compiled.mach-o.dylib"; name = libopencv_bioinspired.3.2.0.dylib; path = "../../../../../usr/local/Cellar/opencv3/HEAD-a2fed4c/lib/libopencv_bioinspired.3.2.0.dylib"; sourceTree = "<group>"; };
		D016374D1E45598C002DCA39 /* libopencv_bioinspired.3.2.0.dylib */ = {isa = PBXFileReference; lastKnownFileType = "compiled.mach-o.dylib"; name = libopencv_bioinspired.3.2.0.dylib; path = "../../../../../usr/local/Cellar/opencv3/HEAD-a2fed4c/lib/libopencv_bioinspired.3.2.0.dylib"; sourceTree = "<group>"; };
		D016374E1E45598C002DCA39 /* libopencv_calib3d.3.2.0.dylib */ = {isa = PBXFileReference; lastKnownFileType = "compiled.mach-o.dylib"; name = libopencv_calib3d.3.2.0.dylib; path = "../../../../../usr/local/Cellar/opencv3/HEAD-a2fed4c/lib/libopencv_calib3d.3.2.0.dylib"; sourceTree = "<group>"; };
		D016374F1E45598C002DCA39 /* libopencv_calib3d.3.2.0.dylib */ = {isa = PBXFileReference; lastKnownFileType = "compiled.mach-o.dylib"; name = libopencv_calib3d.3.2.0.dylib; path = "../../../../../usr/local/Cellar/opencv3/HEAD-a2fed4c/lib/libopencv_calib3d.3.2.0.dylib"; sourceTree = "<group>"; };
		D01637501E45598C002DCA39 /* libopencv_calib3d.3.2.0.dylib */ = {isa = PBXFileReference; lastKnownFileType = "compiled.mach-o.dylib"; name = libopencv_calib3d.3.2.0.dylib; path = "../../../../../usr/local/Cellar/opencv3/HEAD-a2fed4c/lib/libopencv_calib3d.3.2.0.dylib"; sourceTree = "<group>"; };
		D01637511E45598C002DCA39 /* libopencv_ccalib.3.2.0.dylib */ = {isa = PBXFileReference; lastKnownFileType = "compiled.mach-o.dylib"; name = libopencv_ccalib.3.2.0.dylib; path = "../../../../../usr/local/Cellar/opencv3/HEAD-a2fed4c/lib/libopencv_ccalib.3.2.0.dylib"; sourceTree = "<group>"; };
		D01637521E45598C002DCA39 /* libopencv_ccalib.3.2.0.dylib */ = {isa = PBXFileReference; lastKnownFileType = "compiled.mach-o.dylib"; name = libopencv_ccalib.3.2.0.dylib; path = "../../../../../usr/local/Cellar/opencv3/HEAD-a2fed4c/lib/libopencv_ccalib.3.2.0.dylib"; sourceTree = "<group>"; };
		D01637531E45598C002DCA39 /* libopencv_ccalib.3.2.0.dylib */ = {isa = PBXFileReference; lastKnownFileType = "compiled.mach-o.dylib"; name = libopencv_ccalib.3.2.0.dylib; path = "../../../../../usr/local/Cellar/opencv3/HEAD-a2fed4c/lib/libopencv_ccalib.3.2.0.dylib"; sourceTree = "<group>"; };
		D01637541E45598C002DCA39 /* libopencv_core.3.2.0.dylib */ = {isa = PBXFileReference; lastKnownFileType = "compiled.mach-o.dylib"; name = libopencv_core.3.2.0.dylib; path = "../../../../../usr/local/Cellar/opencv3/HEAD-a2fed4c/lib/libopencv_core.3.2.0.dylib"; sourceTree = "<group>"; };
		D01637551E45598C002DCA39 /* libopencv_core.3.2.0.dylib */ = {isa = PBXFileReference; lastKnownFileType = "compiled.mach-o.dylib"; name = libopencv_core.3.2.0.dylib; path = "../../../../../usr/local/Cellar/opencv3/HEAD-a2fed4c/lib/libopencv_core.3.2.0.dylib"; sourceTree = "<group>"; };
		D01637561E45598C002DCA39 /* libopencv_core.3.2.0.dylib */ = {isa = PBXFileReference; lastKnownFileType = "compiled.mach-o.dylib"; name = libopencv_core.3.2.0.dylib; path = "../../../../../usr/local/Cellar/opencv3/HEAD-a2fed4c/lib/libopencv_core.3.2.0.dylib"; sourceTree = "<group>"; };
		D01637571E45598C002DCA39 /* libopencv_datasets.3.2.0.dylib */ = {isa = PBXFileReference; lastKnownFileType = "compiled.mach-o.dylib"; name = libopencv_datasets.3.2.0.dylib; path = "../../../../../usr/local/Cellar/opencv3/HEAD-a2fed4c/lib/libopencv_datasets.3.2.0.dylib"; sourceTree = "<group>"; };
		D01637581E45598C002DCA39 /* libopencv_datasets.3.2.0.dylib */ = {isa = PBXFileReference; lastKnownFileType = "compiled.mach-o.dylib"; name = libopencv_datasets.3.2.0.dylib; path = "../../../../../usr/local/Cellar/opencv3/HEAD-a2fed4c/lib/libopencv_datasets.3.2.0.dylib"; sourceTree = "<group>"; };
		D01637591E45598C002DCA39 /* libopencv_datasets.3.2.0.dylib */ = {isa = PBXFileReference; lastKnownFileType = "compiled.mach-o.dylib"; name = libopencv_datasets.3.2.0.dylib; path = "../../../../../usr/local/Cellar/opencv3/HEAD-a2fed4c/lib/libopencv_datasets.3.2.0.dylib"; sourceTree = "<group>"; };
		D016375A1E45598C002DCA39 /* libopencv_dnn.3.2.0.dylib */ = {isa = PBXFileReference; lastKnownFileType = "compiled.mach-o.dylib"; name = libopencv_dnn.3.2.0.dylib; path = "../../../../../usr/local/Cellar/opencv3/HEAD-a2fed4c/lib/libopencv_dnn.3.2.0.dylib"; sourceTree = "<group>"; };
		D016375B1E45598C002DCA39 /* libopencv_dnn.3.2.0.dylib */ = {isa = PBXFileReference; lastKnownFileType = "compiled.mach-o.dylib"; name = libopencv_dnn.3.2.0.dylib; path = "../../../../../usr/local/Cellar/opencv3/HEAD-a2fed4c/lib/libopencv_dnn.3.2.0.dylib"; sourceTree = "<group>"; };
		D016375C1E45598C002DCA39 /* libopencv_dnn.3.2.0.dylib */ = {isa = PBXFileReference; lastKnownFileType = "compiled.mach-o.dylib"; name = libopencv_dnn.3.2.0.dylib; path = "../../../../../usr/local/Cellar/opencv3/HEAD-a2fed4c/lib/libopencv_dnn.3.2.0.dylib"; sourceTree = "<group>"; };
		D016375D1E45598C002DCA39 /* libopencv_dpm.3.2.0.dylib */ = {isa = PBXFileReference; lastKnownFileType = "compiled.mach-o.dylib"; name = libopencv_dpm.3.2.0.dylib; path = "../../../../../usr/local/Cellar/opencv3/HEAD-a2fed4c/lib/libopencv_dpm.3.2.0.dylib"; sourceTree = "<group>"; };
		D016375E1E45598C002DCA39 /* libopencv_dpm.3.2.0.dylib */ = {isa = PBXFileReference; lastKnownFileType = "compiled.mach-o.dylib"; name = libopencv_dpm.3.2.0.dylib; path = "../../../../../usr/local/Cellar/opencv3/HEAD-a2fed4c/lib/libopencv_dpm.3.2.0.dylib"; sourceTree = "<group>"; };
		D016375F1E45598C002DCA39 /* libopencv_dpm.3.2.0.dylib */ = {isa = PBXFileReference; lastKnownFileType = "compiled.mach-o.dylib"; name = libopencv_dpm.3.2.0.dylib; path = "../../../../../usr/local/Cellar/opencv3/HEAD-a2fed4c/lib/libopencv_dpm.3.2.0.dylib"; sourceTree = "<group>"; };
		D01637601E45598C002DCA39 /* libopencv_face.3.2.0.dylib */ = {isa = PBXFileReference; lastKnownFileType = "compiled.mach-o.dylib"; name = libopencv_face.3.2.0.dylib; path = "../../../../../usr/local/Cellar/opencv3/HEAD-a2fed4c/lib/libopencv_face.3.2.0.dylib"; sourceTree = "<group>"; };
		D01637611E45598C002DCA39 /* libopencv_face.3.2.0.dylib */ = {isa = PBXFileReference; lastKnownFileType = "compiled.mach-o.dylib"; name = libopencv_face.3.2.0.dylib; path = "../../../../../usr/local/Cellar/opencv3/HEAD-a2fed4c/lib/libopencv_face.3.2.0.dylib"; sourceTree = "<group>"; };
		D01637621E45598C002DCA39 /* libopencv_face.3.2.0.dylib */ = {isa = PBXFileReference; lastKnownFileType = "compiled.mach-o.dylib"; name = libopencv_face.3.2.0.dylib; path = "../../../../../usr/local/Cellar/opencv3/HEAD-a2fed4c/lib/libopencv_face.3.2.0.dylib"; sourceTree = "<group>"; };
		D01637631E45598C002DCA39 /* libopencv_features2d.3.2.0.dylib */ = {isa = PBXFileReference; lastKnownFileType = "compiled.mach-o.dylib"; name = libopencv_features2d.3.2.0.dylib; path = "../../../../../usr/local/Cellar/opencv3/HEAD-a2fed4c/lib/libopencv_features2d.3.2.0.dylib"; sourceTree = "<group>"; };
		D01637641E45598C002DCA39 /* libopencv_features2d.3.2.0.dylib */ = {isa = PBXFileReference; lastKnownFileType = "compiled.mach-o.dylib"; name = libopencv_features2d.3.2.0.dylib; path = "../../../../../usr/local/Cellar/opencv3/HEAD-a2fed4c/lib/libopencv_features2d.3.2.0.dylib"; sourceTree = "<group>"; };
		D01637651E45598C002DCA39 /* libopencv_features2d.3.2.0.dylib */ = {isa = PBXFileReference; lastKnownFileType = "compiled.mach-o.dylib"; name = libopencv_features2d.3.2.0.dylib; path = "../../../../../usr/local/Cellar/opencv3/HEAD-a2fed4c/lib/libopencv_features2d.3.2.0.dylib"; sourceTree = "<group>"; };
		D01637661E45598C002DCA39 /* libopencv_flann.3.2.0.dylib */ = {isa = PBXFileReference; lastKnownFileType = "compiled.mach-o.dylib"; name = libopencv_flann.3.2.0.dylib; path = "../../../../../usr/local/Cellar/opencv3/HEAD-a2fed4c/lib/libopencv_flann.3.2.0.dylib"; sourceTree = "<group>"; };
		D01637671E45598C002DCA39 /* libopencv_flann.3.2.0.dylib */ = {isa = PBXFileReference; lastKnownFileType = "compiled.mach-o.dylib"; name = libopencv_flann.3.2.0.dylib; path = "../../../../../usr/local/Cellar/opencv3/HEAD-a2fed4c/lib/libopencv_flann.3.2.0.dylib"; sourceTree = "<group>"; };
		D01637681E45598C002DCA39 /* libopencv_flann.3.2.0.dylib */ = {isa = PBXFileReference; lastKnownFileType = "compiled.mach-o.dylib"; name = libopencv_flann.3.2.0.dylib; path = "../../../../../usr/local/Cellar/opencv3/HEAD-a2fed4c/lib/libopencv_flann.3.2.0.dylib"; sourceTree = "<group>"; };
		D01637691E45598C002DCA39 /* libopencv_fuzzy.3.2.0.dylib */ = {isa = PBXFileReference; lastKnownFileType = "compiled.mach-o.dylib"; name = libopencv_fuzzy.3.2.0.dylib; path = "../../../../../usr/local/Cellar/opencv3/HEAD-a2fed4c/lib/libopencv_fuzzy.3.2.0.dylib"; sourceTree = "<group>"; };
		D016376A1E45598C002DCA39 /* libopencv_fuzzy.3.2.0.dylib */ = {isa = PBXFileReference; lastKnownFileType = "compiled.mach-o.dylib"; name = libopencv_fuzzy.3.2.0.dylib; path = "../../../../../usr/local/Cellar/opencv3/HEAD-a2fed4c/lib/libopencv_fuzzy.3.2.0.dylib"; sourceTree = "<group>"; };
		D016376B1E45598C002DCA39 /* libopencv_fuzzy.3.2.0.dylib */ = {isa = PBXFileReference; lastKnownFileType = "compiled.mach-o.dylib"; name = libopencv_fuzzy.3.2.0.dylib; path = "../../../../../usr/local/Cellar/opencv3/HEAD-a2fed4c/lib/libopencv_fuzzy.3.2.0.dylib"; sourceTree = "<group>"; };
		D016376C1E45598C002DCA39 /* libopencv_highgui.3.2.0.dylib */ = {isa = PBXFileReference; lastKnownFileType = "compiled.mach-o.dylib"; name = libopencv_highgui.3.2.0.dylib; path = "../../../../../usr/local/Cellar/opencv3/HEAD-a2fed4c/lib/libopencv_highgui.3.2.0.dylib"; sourceTree = "<group>"; };
		D016376D1E45598C002DCA39 /* libopencv_highgui.3.2.0.dylib */ = {isa = PBXFileReference; lastKnownFileType = "compiled.mach-o.dylib"; name = libopencv_highgui.3.2.0.dylib; path = "../../../../../usr/local/Cellar/opencv3/HEAD-a2fed4c/lib/libopencv_highgui.3.2.0.dylib"; sourceTree = "<group>"; };
		D016376E1E45598C002DCA39 /* libopencv_highgui.3.2.0.dylib */ = {isa = PBXFileReference; lastKnownFileType = "compiled.mach-o.dylib"; name = libopencv_highgui.3.2.0.dylib; path = "../../../../../usr/local/Cellar/opencv3/HEAD-a2fed4c/lib/libopencv_highgui.3.2.0.dylib"; sourceTree = "<group>"; };
		D016376F1E45598C002DCA39 /* libopencv_imgcodecs.3.2.0.dylib */ = {isa = PBXFileReference; lastKnownFileType = "compiled.mach-o.dylib"; name = libopencv_imgcodecs.3.2.0.dylib; path = "../../../../../usr/local/Cellar/opencv3/HEAD-a2fed4c/lib/libopencv_imgcodecs.3.2.0.dylib"; sourceTree = "<group>"; };
		D01637701E45598C002DCA39 /* libopencv_imgcodecs.3.2.0.dylib */ = {isa = PBXFileReference; lastKnownFileType = "compiled.mach-o.dylib"; name = libopencv_imgcodecs.3.2.0.dylib; path = "../../../../../usr/local/Cellar/opencv3/HEAD-a2fed4c/lib/libopencv_imgcodecs.3.2.0.dylib"; sourceTree = "<group>"; };
		D01637711E45598C002DCA39 /* libopencv_imgcodecs.3.2.0.dylib */ = {isa = PBXFileReference; lastKnownFileType = "compiled.mach-o.dylib"; name = libopencv_imgcodecs.3.2.0.dylib; path = "../../../../../usr/local/Cellar/opencv3/HEAD-a2fed4c/lib/libopencv_imgcodecs.3.2.0.dylib"; sourceTree = "<group>"; };
		D01637721E45598C002DCA39 /* libopencv_imgproc.3.2.0.dylib */ = {isa = PBXFileReference; lastKnownFileType = "compiled.mach-o.dylib"; name = libopencv_imgproc.3.2.0.dylib; path = "../../../../../usr/local/Cellar/opencv3/HEAD-a2fed4c/lib/libopencv_imgproc.3.2.0.dylib"; sourceTree = "<group>"; };
		D01637731E45598C002DCA39 /* libopencv_imgproc.3.2.0.dylib */ = {isa = PBXFileReference; lastKnownFileType = "compiled.mach-o.dylib"; name = libopencv_imgproc.3.2.0.dylib; path = "../../../../../usr/local/Cellar/opencv3/HEAD-a2fed4c/lib/libopencv_imgproc.3.2.0.dylib"; sourceTree = "<group>"; };
		D01637741E45598C002DCA39 /* libopencv_imgproc.3.2.0.dylib */ = {isa = PBXFileReference; lastKnownFileType = "compiled.mach-o.dylib"; name = libopencv_imgproc.3.2.0.dylib; path = "../../../../../usr/local/Cellar/opencv3/HEAD-a2fed4c/lib/libopencv_imgproc.3.2.0.dylib"; sourceTree = "<group>"; };
		D01637751E45598D002DCA39 /* libopencv_line_descriptor.3.2.0.dylib */ = {isa = PBXFileReference; lastKnownFileType = "compiled.mach-o.dylib"; name = libopencv_line_descriptor.3.2.0.dylib; path = "../../../../../usr/local/Cellar/opencv3/HEAD-a2fed4c/lib/libopencv_line_descriptor.3.2.0.dylib"; sourceTree = "<group>"; };
		D01637761E45598D002DCA39 /* libopencv_line_descriptor.3.2.0.dylib */ = {isa = PBXFileReference; lastKnownFileType = "compiled.mach-o.dylib"; name = libopencv_line_descriptor.3.2.0.dylib; path = "../../../../../usr/local/Cellar/opencv3/HEAD-a2fed4c/lib/libopencv_line_descriptor.3.2.0.dylib"; sourceTree = "<group>"; };
		D01637771E45598D002DCA39 /* libopencv_line_descriptor.3.2.0.dylib */ = {isa = PBXFileReference; lastKnownFileType = "compiled.mach-o.dylib"; name = libopencv_line_descriptor.3.2.0.dylib; path = "../../../../../usr/local/Cellar/opencv3/HEAD-a2fed4c/lib/libopencv_line_descriptor.3.2.0.dylib"; sourceTree = "<group>"; };
		D01637781E45598D002DCA39 /* libopencv_ml.3.2.0.dylib */ = {isa = PBXFileReference; lastKnownFileType = "compiled.mach-o.dylib"; name = libopencv_ml.3.2.0.dylib; path = "../../../../../usr/local/Cellar/opencv3/HEAD-a2fed4c/lib/libopencv_ml.3.2.0.dylib"; sourceTree = "<group>"; };
		D01637791E45598D002DCA39 /* libopencv_ml.3.2.0.dylib */ = {isa = PBXFileReference; lastKnownFileType = "compiled.mach-o.dylib"; name = libopencv_ml.3.2.0.dylib; path = "../../../../../usr/local/Cellar/opencv3/HEAD-a2fed4c/lib/libopencv_ml.3.2.0.dylib"; sourceTree = "<group>"; };
		D016377A1E45598D002DCA39 /* libopencv_ml.3.2.0.dylib */ = {isa = PBXFileReference; lastKnownFileType = "compiled.mach-o.dylib"; name = libopencv_ml.3.2.0.dylib; path = "../../../../../usr/local/Cellar/opencv3/HEAD-a2fed4c/lib/libopencv_ml.3.2.0.dylib"; sourceTree = "<group>"; };
		D016377B1E45598D002DCA39 /* libopencv_objdetect.3.2.0.dylib */ = {isa = PBXFileReference; lastKnownFileType = "compiled.mach-o.dylib"; name = libopencv_objdetect.3.2.0.dylib; path = "../../../../../usr/local/Cellar/opencv3/HEAD-a2fed4c/lib/libopencv_objdetect.3.2.0.dylib"; sourceTree = "<group>"; };
		D016377C1E45598D002DCA39 /* libopencv_objdetect.3.2.0.dylib */ = {isa = PBXFileReference; lastKnownFileType = "compiled.mach-o.dylib"; name = libopencv_objdetect.3.2.0.dylib; path = "../../../../../usr/local/Cellar/opencv3/HEAD-a2fed4c/lib/libopencv_objdetect.3.2.0.dylib"; sourceTree = "<group>"; };
		D016377D1E45598D002DCA39 /* libopencv_objdetect.3.2.0.dylib */ = {isa = PBXFileReference; lastKnownFileType = "compiled.mach-o.dylib"; name = libopencv_objdetect.3.2.0.dylib; path = "../../../../../usr/local/Cellar/opencv3/HEAD-a2fed4c/lib/libopencv_objdetect.3.2.0.dylib"; sourceTree = "<group>"; };
		D016377E1E45598D002DCA39 /* libopencv_optflow.3.2.0.dylib */ = {isa = PBXFileReference; lastKnownFileType = "compiled.mach-o.dylib"; name = libopencv_optflow.3.2.0.dylib; path = "../../../../../usr/local/Cellar/opencv3/HEAD-a2fed4c/lib/libopencv_optflow.3.2.0.dylib"; sourceTree = "<group>"; };
		D016377F1E45598D002DCA39 /* libopencv_optflow.3.2.0.dylib */ = {isa = PBXFileReference; lastKnownFileType = "compiled.mach-o.dylib"; name = libopencv_optflow.3.2.0.dylib; path = "../../../../../usr/local/Cellar/opencv3/HEAD-a2fed4c/lib/libopencv_optflow.3.2.0.dylib"; sourceTree = "<group>"; };
		D01637801E45598D002DCA39 /* libopencv_optflow.3.2.0.dylib */ = {isa = PBXFileReference; lastKnownFileType = "compiled.mach-o.dylib"; name = libopencv_optflow.3.2.0.dylib; path = "../../../../../usr/local/Cellar/opencv3/HEAD-a2fed4c/lib/libopencv_optflow.3.2.0.dylib"; sourceTree = "<group>"; };
		D01637811E45598D002DCA39 /* libopencv_phase_unwrapping.3.2.0.dylib */ = {isa = PBXFileReference; lastKnownFileType = "compiled.mach-o.dylib"; name = libopencv_phase_unwrapping.3.2.0.dylib; path = "../../../../../usr/local/Cellar/opencv3/HEAD-a2fed4c/lib/libopencv_phase_unwrapping.3.2.0.dylib"; sourceTree = "<group>"; };
		D01637821E45598D002DCA39 /* libopencv_phase_unwrapping.3.2.0.dylib */ = {isa = PBXFileReference; lastKnownFileType = "compiled.mach-o.dylib"; name = libopencv_phase_unwrapping.3.2.0.dylib; path = "../../../../../usr/local/Cellar/opencv3/HEAD-a2fed4c/lib/libopencv_phase_unwrapping.3.2.0.dylib"; sourceTree = "<group>"; };
		D01637831E45598D002DCA39 /* libopencv_phase_unwrapping.3.2.0.dylib */ = {isa = PBXFileReference; lastKnownFileType = "compiled.mach-o.dylib"; name = libopencv_phase_unwrapping.3.2.0.dylib; path = "../../../../../usr/local/Cellar/opencv3/HEAD-a2fed4c/lib/libopencv_phase_unwrapping.3.2.0.dylib"; sourceTree = "<group>"; };
		D01637841E45598D002DCA39 /* libopencv_photo.3.2.0.dylib */ = {isa = PBXFileReference; lastKnownFileType = "compiled.mach-o.dylib"; name = libopencv_photo.3.2.0.dylib; path = "../../../../../usr/local/Cellar/opencv3/HEAD-a2fed4c/lib/libopencv_photo.3.2.0.dylib"; sourceTree = "<group>"; };
		D01637851E45598D002DCA39 /* libopencv_photo.3.2.0.dylib */ = {isa = PBXFileReference; lastKnownFileType = "compiled.mach-o.dylib"; name = libopencv_photo.3.2.0.dylib; path = "../../../../../usr/local/Cellar/opencv3/HEAD-a2fed4c/lib/libopencv_photo.3.2.0.dylib"; sourceTree = "<group>"; };
		D01637861E45598D002DCA39 /* libopencv_photo.3.2.0.dylib */ = {isa = PBXFileReference; lastKnownFileType = "compiled.mach-o.dylib"; name = libopencv_photo.3.2.0.dylib; path = "../../../../../usr/local/Cellar/opencv3/HEAD-a2fed4c/lib/libopencv_photo.3.2.0.dylib"; sourceTree = "<group>"; };
		D01637871E45598D002DCA39 /* libopencv_plot.3.2.0.dylib */ = {isa = PBXFileReference; lastKnownFileType = "compiled.mach-o.dylib"; name = libopencv_plot.3.2.0.dylib; path = "../../../../../usr/local/Cellar/opencv3/HEAD-a2fed4c/lib/libopencv_plot.3.2.0.dylib"; sourceTree = "<group>"; };
		D01637881E45598D002DCA39 /* libopencv_plot.3.2.0.dylib */ = {isa = PBXFileReference; lastKnownFileType = "compiled.mach-o.dylib"; name = libopencv_plot.3.2.0.dylib; path = "../../../../../usr/local/Cellar/opencv3/HEAD-a2fed4c/lib/libopencv_plot.3.2.0.dylib"; sourceTree = "<group>"; };
		D01637891E45598D002DCA39 /* libopencv_plot.3.2.0.dylib */ = {isa = PBXFileReference; lastKnownFileType = "compiled.mach-o.dylib"; name = libopencv_plot.3.2.0.dylib; path = "../../../../../usr/local/Cellar/opencv3/HEAD-a2fed4c/lib/libopencv_plot.3.2.0.dylib"; sourceTree = "<group>"; };
		D016378A1E45598D002DCA39 /* libopencv_reg.3.2.0.dylib */ = {isa = PBXFileReference; lastKnownFileType = "compiled.mach-o.dylib"; name = libopencv_reg.3.2.0.dylib; path = "../../../../../usr/local/Cellar/opencv3/HEAD-a2fed4c/lib/libopencv_reg.3.2.0.dylib"; sourceTree = "<group>"; };
		D016378B1E45598D002DCA39 /* libopencv_reg.3.2.0.dylib */ = {isa = PBXFileReference; lastKnownFileType = "compiled.mach-o.dylib"; name = libopencv_reg.3.2.0.dylib; path = "../../../../../usr/local/Cellar/opencv3/HEAD-a2fed4c/lib/libopencv_reg.3.2.0.dylib"; sourceTree = "<group>"; };
		D016378C1E45598D002DCA39 /* libopencv_reg.3.2.0.dylib */ = {isa = PBXFileReference; lastKnownFileType = "compiled.mach-o.dylib"; name = libopencv_reg.3.2.0.dylib; path = "../../../../../usr/local/Cellar/opencv3/HEAD-a2fed4c/lib/libopencv_reg.3.2.0.dylib"; sourceTree = "<group>"; };
		D016378D1E45598D002DCA39 /* libopencv_rgbd.3.2.0.dylib */ = {isa = PBXFileReference; lastKnownFileType = "compiled.mach-o.dylib"; name = libopencv_rgbd.3.2.0.dylib; path = "../../../../../usr/local/Cellar/opencv3/HEAD-a2fed4c/lib/libopencv_rgbd.3.2.0.dylib"; sourceTree = "<group>"; };
		D016378E1E45598D002DCA39 /* libopencv_rgbd.3.2.0.dylib */ = {isa = PBXFileReference; lastKnownFileType = "compiled.mach-o.dylib"; name = libopencv_rgbd.3.2.0.dylib; path = "../../../../../usr/local/Cellar/opencv3/HEAD-a2fed4c/lib/libopencv_rgbd.3.2.0.dylib"; sourceTree = "<group>"; };
		D016378F1E45598D002DCA39 /* libopencv_rgbd.3.2.0.dylib */ = {isa = PBXFileReference; lastKnownFileType = "compiled.mach-o.dylib"; name = libopencv_rgbd.3.2.0.dylib; path = "../../../../../usr/local/Cellar/opencv3/HEAD-a2fed4c/lib/libopencv_rgbd.3.2.0.dylib"; sourceTree = "<group>"; };
		D01637901E45598D002DCA39 /* libopencv_saliency.3.2.0.dylib */ = {isa = PBXFileReference; lastKnownFileType = "compiled.mach-o.dylib"; name = libopencv_saliency.3.2.0.dylib; path = "../../../../../usr/local/Cellar/opencv3/HEAD-a2fed4c/lib/libopencv_saliency.3.2.0.dylib"; sourceTree = "<group>"; };
		D01637911E45598D002DCA39 /* libopencv_saliency.3.2.0.dylib */ = {isa = PBXFileReference; lastKnownFileType = "compiled.mach-o.dylib"; name = libopencv_saliency.3.2.0.dylib; path = "../../../../../usr/local/Cellar/opencv3/HEAD-a2fed4c/lib/libopencv_saliency.3.2.0.dylib"; sourceTree = "<group>"; };
		D01637921E45598D002DCA39 /* libopencv_saliency.3.2.0.dylib */ = {isa = PBXFileReference; lastKnownFileType = "compiled.mach-o.dylib"; name = libopencv_saliency.3.2.0.dylib; path = "../../../../../usr/local/Cellar/opencv3/HEAD-a2fed4c/lib/libopencv_saliency.3.2.0.dylib"; sourceTree = "<group>"; };
		D01637931E45598D002DCA39 /* libopencv_shape.3.2.0.dylib */ = {isa = PBXFileReference; lastKnownFileType = "compiled.mach-o.dylib"; name = libopencv_shape.3.2.0.dylib; path = "../../../../../usr/local/Cellar/opencv3/HEAD-a2fed4c/lib/libopencv_shape.3.2.0.dylib"; sourceTree = "<group>"; };
		D01637941E45598D002DCA39 /* libopencv_shape.3.2.0.dylib */ = {isa = PBXFileReference; lastKnownFileType = "compiled.mach-o.dylib"; name = libopencv_shape.3.2.0.dylib; path = "../../../../../usr/local/Cellar/opencv3/HEAD-a2fed4c/lib/libopencv_shape.3.2.0.dylib"; sourceTree = "<group>"; };
		D01637951E45598D002DCA39 /* libopencv_shape.3.2.0.dylib */ = {isa = PBXFileReference; lastKnownFileType = "compiled.mach-o.dylib"; name = libopencv_shape.3.2.0.dylib; path = "../../../../../usr/local/Cellar/opencv3/HEAD-a2fed4c/lib/libopencv_shape.3.2.0.dylib"; sourceTree = "<group>"; };
		D01637961E45598D002DCA39 /* libopencv_stereo.3.2.0.dylib */ = {isa = PBXFileReference; lastKnownFileType = "compiled.mach-o.dylib"; name = libopencv_stereo.3.2.0.dylib; path = "../../../../../usr/local/Cellar/opencv3/HEAD-a2fed4c/lib/libopencv_stereo.3.2.0.dylib"; sourceTree = "<group>"; };
		D01637971E45598D002DCA39 /* libopencv_stereo.3.2.0.dylib */ = {isa = PBXFileReference; lastKnownFileType = "compiled.mach-o.dylib"; name = libopencv_stereo.3.2.0.dylib; path = "../../../../../usr/local/Cellar/opencv3/HEAD-a2fed4c/lib/libopencv_stereo.3.2.0.dylib"; sourceTree = "<group>"; };
		D01637981E45598D002DCA39 /* libopencv_stereo.3.2.0.dylib */ = {isa = PBXFileReference; lastKnownFileType = "compiled.mach-o.dylib"; name = libopencv_stereo.3.2.0.dylib; path = "../../../../../usr/local/Cellar/opencv3/HEAD-a2fed4c/lib/libopencv_stereo.3.2.0.dylib"; sourceTree = "<group>"; };
		D01637991E45598D002DCA39 /* libopencv_stitching.3.2.0.dylib */ = {isa = PBXFileReference; lastKnownFileType = "compiled.mach-o.dylib"; name = libopencv_stitching.3.2.0.dylib; path = "../../../../../usr/local/Cellar/opencv3/HEAD-a2fed4c/lib/libopencv_stitching.3.2.0.dylib"; sourceTree = "<group>"; };
		D016379A1E45598D002DCA39 /* libopencv_stitching.3.2.0.dylib */ = {isa = PBXFileReference; lastKnownFileType = "compiled.mach-o.dylib"; name = libopencv_stitching.3.2.0.dylib; path = "../../../../../usr/local/Cellar/opencv3/HEAD-a2fed4c/lib/libopencv_stitching.3.2.0.dylib"; sourceTree = "<group>"; };
		D016379B1E45598D002DCA39 /* libopencv_stitching.3.2.0.dylib */ = {isa = PBXFileReference; lastKnownFileType = "compiled.mach-o.dylib"; name = libopencv_stitching.3.2.0.dylib; path = "../../../../../usr/local/Cellar/opencv3/HEAD-a2fed4c/lib/libopencv_stitching.3.2.0.dylib"; sourceTree = "<group>"; };
		D016379C1E45598D002DCA39 /* libopencv_structured_light.3.2.0.dylib */ = {isa = PBXFileReference; lastKnownFileType = "compiled.mach-o.dylib"; name = libopencv_structured_light.3.2.0.dylib; path = "../../../../../usr/local/Cellar/opencv3/HEAD-a2fed4c/lib/libopencv_structured_light.3.2.0.dylib"; sourceTree = "<group>"; };
		D016379D1E45598D002DCA39 /* libopencv_structured_light.3.2.0.dylib */ = {isa = PBXFileReference; lastKnownFileType = "compiled.mach-o.dylib"; name = libopencv_structured_light.3.2.0.dylib; path = "../../../../../usr/local/Cellar/opencv3/HEAD-a2fed4c/lib/libopencv_structured_light.3.2.0.dylib"; sourceTree = "<group>"; };
		D016379E1E45598D002DCA39 /* libopencv_structured_light.3.2.0.dylib */ = {isa = PBXFileReference; lastKnownFileType = "compiled.mach-o.dylib"; name = libopencv_structured_light.3.2.0.dylib; path = "../../../../../usr/local/Cellar/opencv3/HEAD-a2fed4c/lib/libopencv_structured_light.3.2.0.dylib"; sourceTree = "<group>"; };
		D016379F1E45598D002DCA39 /* libopencv_superres.3.2.0.dylib */ = {isa = PBXFileReference; lastKnownFileType = "compiled.mach-o.dylib"; name = libopencv_superres.3.2.0.dylib; path = "../../../../../usr/local/Cellar/opencv3/HEAD-a2fed4c/lib/libopencv_superres.3.2.0.dylib"; sourceTree = "<group>"; };
		D01637A01E45598D002DCA39 /* libopencv_superres.3.2.0.dylib */ = {isa = PBXFileReference; lastKnownFileType = "compiled.mach-o.dylib"; name = libopencv_superres.3.2.0.dylib; path = "../../../../../usr/local/Cellar/opencv3/HEAD-a2fed4c/lib/libopencv_superres.3.2.0.dylib"; sourceTree = "<group>"; };
		D01637A11E45598D002DCA39 /* libopencv_superres.3.2.0.dylib */ = {isa = PBXFileReference; lastKnownFileType = "compiled.mach-o.dylib"; name = libopencv_superres.3.2.0.dylib; path = "../../../../../usr/local/Cellar/opencv3/HEAD-a2fed4c/lib/libopencv_superres.3.2.0.dylib"; sourceTree = "<group>"; };
		D01637A21E45598D002DCA39 /* libopencv_surface_matching.3.2.0.dylib */ = {isa = PBXFileReference; lastKnownFileType = "compiled.mach-o.dylib"; name = libopencv_surface_matching.3.2.0.dylib; path = "../../../../../usr/local/Cellar/opencv3/HEAD-a2fed4c/lib/libopencv_surface_matching.3.2.0.dylib"; sourceTree = "<group>"; };
		D01637A31E45598D002DCA39 /* libopencv_surface_matching.3.2.0.dylib */ = {isa = PBXFileReference; lastKnownFileType = "compiled.mach-o.dylib"; name = libopencv_surface_matching.3.2.0.dylib; path = "../../../../../usr/local/Cellar/opencv3/HEAD-a2fed4c/lib/libopencv_surface_matching.3.2.0.dylib"; sourceTree = "<group>"; };
		D01637A41E45598D002DCA39 /* libopencv_surface_matching.3.2.0.dylib */ = {isa = PBXFileReference; lastKnownFileType = "compiled.mach-o.dylib"; name = libopencv_surface_matching.3.2.0.dylib; path = "../../../../../usr/local/Cellar/opencv3/HEAD-a2fed4c/lib/libopencv_surface_matching.3.2.0.dylib"; sourceTree = "<group>"; };
		D01637A51E45598D002DCA39 /* libopencv_text.3.2.0.dylib */ = {isa = PBXFileReference; lastKnownFileType = "compiled.mach-o.dylib"; name = libopencv_text.3.2.0.dylib; path = "../../../../../usr/local/Cellar/opencv3/HEAD-a2fed4c/lib/libopencv_text.3.2.0.dylib"; sourceTree = "<group>"; };
		D01637A61E45598D002DCA39 /* libopencv_text.3.2.0.dylib */ = {isa = PBXFileReference; lastKnownFileType = "compiled.mach-o.dylib"; name = libopencv_text.3.2.0.dylib; path = "../../../../../usr/local/Cellar/opencv3/HEAD-a2fed4c/lib/libopencv_text.3.2.0.dylib"; sourceTree = "<group>"; };
		D01637A71E45598D002DCA39 /* libopencv_text.3.2.0.dylib */ = {isa = PBXFileReference; lastKnownFileType = "compiled.mach-o.dylib"; name = libopencv_text.3.2.0.dylib; path = "../../../../../usr/local/Cellar/opencv3/HEAD-a2fed4c/lib/libopencv_text.3.2.0.dylib"; sourceTree = "<group>"; };
		D01637A81E45598D002DCA39 /* libopencv_tracking.3.2.0.dylib */ = {isa = PBXFileReference; lastKnownFileType = "compiled.mach-o.dylib"; name = libopencv_tracking.3.2.0.dylib; path = "../../../../../usr/local/Cellar/opencv3/HEAD-a2fed4c/lib/libopencv_tracking.3.2.0.dylib"; sourceTree = "<group>"; };
		D01637A91E45598D002DCA39 /* libopencv_tracking.3.2.0.dylib */ = {isa = PBXFileReference; lastKnownFileType = "compiled.mach-o.dylib"; name = libopencv_tracking.3.2.0.dylib; path = "../../../../../usr/local/Cellar/opencv3/HEAD-a2fed4c/lib/libopencv_tracking.3.2.0.dylib"; sourceTree = "<group>"; };
		D01637AA1E45598D002DCA39 /* libopencv_tracking.3.2.0.dylib */ = {isa = PBXFileReference; lastKnownFileType = "compiled.mach-o.dylib"; name = libopencv_tracking.3.2.0.dylib; path = "../../../../../usr/local/Cellar/opencv3/HEAD-a2fed4c/lib/libopencv_tracking.3.2.0.dylib"; sourceTree = "<group>"; };
		D01637AB1E45598D002DCA39 /* libopencv_video.3.2.0.dylib */ = {isa = PBXFileReference; lastKnownFileType = "compiled.mach-o.dylib"; name = libopencv_video.3.2.0.dylib; path = "../../../../../usr/local/Cellar/opencv3/HEAD-a2fed4c/lib/libopencv_video.3.2.0.dylib"; sourceTree = "<group>"; };
		D01637AC1E45598D002DCA39 /* libopencv_video.3.2.0.dylib */ = {isa = PBXFileReference; lastKnownFileType = "compiled.mach-o.dylib"; name = libopencv_video.3.2.0.dylib; path = "../../../../../usr/local/Cellar/opencv3/HEAD-a2fed4c/lib/libopencv_video.3.2.0.dylib"; sourceTree = "<group>"; };
		D01637AD1E45598D002DCA39 /* libopencv_video.3.2.0.dylib */ = {isa = PBXFileReference; lastKnownFileType = "compiled.mach-o.dylib"; name = libopencv_video.3.2.0.dylib; path = "../../../../../usr/local/Cellar/opencv3/HEAD-a2fed4c/lib/libopencv_video.3.2.0.dylib"; sourceTree = "<group>"; };
		D01637AE1E45598D002DCA39 /* libopencv_videoio.3.2.0.dylib */ = {isa = PBXFileReference; lastKnownFileType = "compiled.mach-o.dylib"; name = libopencv_videoio.3.2.0.dylib; path = "../../../../../usr/local/Cellar/opencv3/HEAD-a2fed4c/lib/libopencv_videoio.3.2.0.dylib"; sourceTree = "<group>"; };
		D01637AF1E45598D002DCA39 /* libopencv_videoio.3.2.0.dylib */ = {isa = PBXFileReference; lastKnownFileType = "compiled.mach-o.dylib"; name = libopencv_videoio.3.2.0.dylib; path = "../../../../../usr/local/Cellar/opencv3/HEAD-a2fed4c/lib/libopencv_videoio.3.2.0.dylib"; sourceTree = "<group>"; };
		D01637B01E45598D002DCA39 /* libopencv_videoio.3.2.0.dylib */ = {isa = PBXFileReference; lastKnownFileType = "compiled.mach-o.dylib"; name = libopencv_videoio.3.2.0.dylib; path = "../../../../../usr/local/Cellar/opencv3/HEAD-a2fed4c/lib/libopencv_videoio.3.2.0.dylib"; sourceTree = "<group>"; };
		D01637B11E45598D002DCA39 /* libopencv_videostab.3.2.0.dylib */ = {isa = PBXFileReference; lastKnownFileType = "compiled.mach-o.dylib"; name = libopencv_videostab.3.2.0.dylib; path = "../../../../../usr/local/Cellar/opencv3/HEAD-a2fed4c/lib/libopencv_videostab.3.2.0.dylib"; sourceTree = "<group>"; };
		D01637B21E45598D002DCA39 /* libopencv_videostab.3.2.0.dylib */ = {isa = PBXFileReference; lastKnownFileType = "compiled.mach-o.dylib"; name = libopencv_videostab.3.2.0.dylib; path = "../../../../../usr/local/Cellar/opencv3/HEAD-a2fed4c/lib/libopencv_videostab.3.2.0.dylib"; sourceTree = "<group>"; };
		D01637B31E45598D002DCA39 /* libopencv_videostab.3.2.0.dylib */ = {isa = PBXFileReference; lastKnownFileType = "compiled.mach-o.dylib"; name = libopencv_videostab.3.2.0.dylib; path = "../../../../../usr/local/Cellar/opencv3/HEAD-a2fed4c/lib/libopencv_videostab.3.2.0.dylib"; sourceTree = "<group>"; };
		D01637B41E45598D002DCA39 /* libopencv_xfeatures2d.3.2.0.dylib */ = {isa = PBXFileReference; lastKnownFileType = "compiled.mach-o.dylib"; name = libopencv_xfeatures2d.3.2.0.dylib; path = "../../../../../usr/local/Cellar/opencv3/HEAD-a2fed4c/lib/libopencv_xfeatures2d.3.2.0.dylib"; sourceTree = "<group>"; };
		D01637B51E45598D002DCA39 /* libopencv_xfeatures2d.3.2.0.dylib */ = {isa = PBXFileReference; lastKnownFileType = "compiled.mach-o.dylib"; name = libopencv_xfeatures2d.3.2.0.dylib; path = "../../../../../usr/local/Cellar/opencv3/HEAD-a2fed4c/lib/libopencv_xfeatures2d.3.2.0.dylib"; sourceTree = "<group>"; };
		D01637B61E45598D002DCA39 /* libopencv_xfeatures2d.3.2.0.dylib */ = {isa = PBXFileReference; lastKnownFileType = "compiled.mach-o.dylib"; name = libopencv_xfeatures2d.3.2.0.dylib; path = "../../../../../usr/local/Cellar/opencv3/HEAD-a2fed4c/lib/libopencv_xfeatures2d.3.2.0.dylib"; sourceTree = "<group>"; };
		D01637B71E45598D002DCA39 /* libopencv_ximgproc.3.2.0.dylib */ = {isa = PBXFileReference; lastKnownFileType = "compiled.mach-o.dylib"; name = libopencv_ximgproc.3.2.0.dylib; path = "../../../../../usr/local/Cellar/opencv3/HEAD-a2fed4c/lib/libopencv_ximgproc.3.2.0.dylib"; sourceTree = "<group>"; };
		D01637B81E45598D002DCA39 /* libopencv_ximgproc.3.2.0.dylib */ = {isa = PBXFileReference; lastKnownFileType = "compiled.mach-o.dylib"; name = libopencv_ximgproc.3.2.0.dylib; path = "../../../../../usr/local/Cellar/opencv3/HEAD-a2fed4c/lib/libopencv_ximgproc.3.2.0.dylib"; sourceTree = "<group>"; };
		D01637B91E45598D002DCA39 /* libopencv_ximgproc.3.2.0.dylib */ = {isa = PBXFileReference; lastKnownFileType = "compiled.mach-o.dylib"; name = libopencv_ximgproc.3.2.0.dylib; path = "../../../../../usr/local/Cellar/opencv3/HEAD-a2fed4c/lib/libopencv_ximgproc.3.2.0.dylib"; sourceTree = "<group>"; };
		D01637BA1E45598D002DCA39 /* libopencv_xobjdetect.3.2.0.dylib */ = {isa = PBXFileReference; lastKnownFileType = "compiled.mach-o.dylib"; name = libopencv_xobjdetect.3.2.0.dylib; path = "../../../../../usr/local/Cellar/opencv3/HEAD-a2fed4c/lib/libopencv_xobjdetect.3.2.0.dylib"; sourceTree = "<group>"; };
		D01637BB1E45598D002DCA39 /* libopencv_xobjdetect.3.2.0.dylib */ = {isa = PBXFileReference; lastKnownFileType = "compiled.mach-o.dylib"; name = libopencv_xobjdetect.3.2.0.dylib; path = "../../../../../usr/local/Cellar/opencv3/HEAD-a2fed4c/lib/libopencv_xobjdetect.3.2.0.dylib"; sourceTree = "<group>"; };
		D01637BC1E45598D002DCA39 /* libopencv_xobjdetect.3.2.0.dylib */ = {isa = PBXFileReference; lastKnownFileType = "compiled.mach-o.dylib"; name = libopencv_xobjdetect.3.2.0.dylib; path = "../../../../../usr/local/Cellar/opencv3/HEAD-a2fed4c/lib/libopencv_xobjdetect.3.2.0.dylib"; sourceTree = "<group>"; };
		D01637BD1E45598D002DCA39 /* libopencv_xphoto.3.2.0.dylib */ = {isa = PBXFileReference; lastKnownFileType = "compiled.mach-o.dylib"; name = libopencv_xphoto.3.2.0.dylib; path = "../../../../../usr/local/Cellar/opencv3/HEAD-a2fed4c/lib/libopencv_xphoto.3.2.0.dylib"; sourceTree = "<group>"; };
		D01637BE1E45598D002DCA39 /* libopencv_xphoto.3.2.0.dylib */ = {isa = PBXFileReference; lastKnownFileType = "compiled.mach-o.dylib"; name = libopencv_xphoto.3.2.0.dylib; path = "../../../../../usr/local/Cellar/opencv3/HEAD-a2fed4c/lib/libopencv_xphoto.3.2.0.dylib"; sourceTree = "<group>"; };
		D01637BF1E45598D002DCA39 /* libopencv_xphoto.3.2.0.dylib */ = {isa = PBXFileReference; lastKnownFileType = "compiled.mach-o.dylib"; name = libopencv_xphoto.3.2.0.dylib; path = "../../../../../usr/local/Cellar/opencv3/HEAD-a2fed4c/lib/libopencv_xphoto.3.2.0.dylib"; sourceTree = "<group>"; };
		D01637C01E45598D002DCA39 /* pkgconfig */ = {isa = PBXFileReference; lastKnownFileType = folder; name = pkgconfig; path = "../../../../../usr/local/Cellar/opencv3/HEAD-a2fed4c/lib/pkgconfig"; sourceTree = "<group>"; };
		D01637C11E45598D002DCA39 /* python2.7 */ = {isa = PBXFileReference; lastKnownFileType = folder; name = python2.7; path = "../../../../../usr/local/Cellar/opencv3/HEAD-a2fed4c/lib/python2.7"; sourceTree = "<group>"; };
		D0A7A1091E3FD9B900A9D6CA /* ComputerVision_0.1 */ = {isa = PBXFileReference; explicitFileType = "compiled.mach-o.executable"; includeInIndex = 0; path = ComputerVision_0.1; sourceTree = BUILT_PRODUCTS_DIR; };
		D0A7A1131E3FD9E100A9D6CA /* ComputerVision_0.1.cpp */ = {isa = PBXFileReference; fileEncoding = 4; lastKnownFileType = sourcecode.cpp.cpp; path = ComputerVision_0.1.cpp; sourceTree = "<group>"; };
		D0A7A11A1E3FDA3200A9D6CA /* README.md */ = {isa = PBXFileReference; fileEncoding = 4; lastKnownFileType = net.daringfireball.markdown; path = README.md; sourceTree = SOURCE_ROOT; };
		D0F0F9A01E456703004132EC /* lib */ = {isa = PBXFileReference; lastKnownFileType = folder; name = lib; path = "../../../../../usr/local/Cellar/opencv3/HEAD-a2fed4c/lib"; sourceTree = "<group>"; };
/* End PBXFileReference section */

/* Begin PBXFrameworksBuildPhase section */
		D0A7A1061E3FD9B900A9D6CA /* Frameworks */ = {
			isa = PBXFrameworksBuildPhase;
			buildActionMask = 2147483647;
			files = (
				D0F0FA1F1E456780004132EC /* libopencv_aruco.3.2.0.dylib in Frameworks */,
				D0F0FA201E456780004132EC /* libopencv_bgsegm.3.2.0.dylib in Frameworks */,
				D0F0FA211E456780004132EC /* libopencv_bioinspired.3.2.0.dylib in Frameworks */,
				D0F0FA221E456780004132EC /* libopencv_calib3d.3.2.0.dylib in Frameworks */,
				D0F0FA231E456780004132EC /* libopencv_ccalib.3.2.0.dylib in Frameworks */,
				D0F0FA241E456780004132EC /* libopencv_core.3.2.0.dylib in Frameworks */,
				D0F0FA251E456780004132EC /* libopencv_datasets.3.2.0.dylib in Frameworks */,
				D0F0FA261E456780004132EC /* libopencv_dnn.3.2.0.dylib in Frameworks */,
				D0F0FA271E456780004132EC /* libopencv_dpm.3.2.0.dylib in Frameworks */,
				D0F0FA281E456780004132EC /* libopencv_face.3.2.0.dylib in Frameworks */,
				D0F0FA291E456780004132EC /* libopencv_features2d.3.2.0.dylib in Frameworks */,
				D0F0FA2A1E456780004132EC /* libopencv_flann.3.2.0.dylib in Frameworks */,
				D0F0FA2B1E456780004132EC /* libopencv_fuzzy.3.2.0.dylib in Frameworks */,
				D0F0FA2C1E456780004132EC /* libopencv_highgui.3.2.0.dylib in Frameworks */,
				D0F0FA2D1E456780004132EC /* libopencv_imgcodecs.3.2.0.dylib in Frameworks */,
				D0F0FA2E1E456780004132EC /* libopencv_imgproc.3.2.0.dylib in Frameworks */,
				D0F0FA2F1E456780004132EC /* libopencv_line_descriptor.3.2.0.dylib in Frameworks */,
				D0F0FA301E456780004132EC /* libopencv_ml.3.2.0.dylib in Frameworks */,
				D0F0FA311E456780004132EC /* libopencv_objdetect.3.2.0.dylib in Frameworks */,
				D0F0FA321E456780004132EC /* libopencv_optflow.3.2.0.dylib in Frameworks */,
				D0F0FA331E456780004132EC /* libopencv_phase_unwrapping.3.2.0.dylib in Frameworks */,
				D0F0FA341E456780004132EC /* libopencv_photo.3.2.0.dylib in Frameworks */,
				D0F0FA351E456780004132EC /* libopencv_plot.3.2.0.dylib in Frameworks */,
				D0F0FA361E456780004132EC /* libopencv_reg.3.2.0.dylib in Frameworks */,
				D0F0FA371E456780004132EC /* libopencv_rgbd.3.2.0.dylib in Frameworks */,
				D0F0FA381E456780004132EC /* libopencv_saliency.3.2.0.dylib in Frameworks */,
				D0F0FA391E456780004132EC /* libopencv_shape.3.2.0.dylib in Frameworks */,
				D0F0FA3A1E456780004132EC /* libopencv_stereo.3.2.0.dylib in Frameworks */,
				D0F0FA3B1E456780004132EC /* libopencv_stitching.3.2.0.dylib in Frameworks */,
				D0F0FA3C1E456780004132EC /* libopencv_structured_light.3.2.0.dylib in Frameworks */,
				D0F0FA3D1E456780004132EC /* libopencv_superres.3.2.0.dylib in Frameworks */,
				D0F0FA3E1E456780004132EC /* libopencv_surface_matching.3.2.0.dylib in Frameworks */,
				D0F0FA3F1E456780004132EC /* libopencv_text.3.2.0.dylib in Frameworks */,
				D0F0FA401E456780004132EC /* libopencv_tracking.3.2.0.dylib in Frameworks */,
				D0F0FA411E456780004132EC /* libopencv_video.3.2.0.dylib in Frameworks */,
				D0F0FA421E456780004132EC /* libopencv_videoio.3.2.0.dylib in Frameworks */,
				D0F0FA431E456780004132EC /* libopencv_videostab.3.2.0.dylib in Frameworks */,
				D0F0FA441E456780004132EC /* libopencv_xfeatures2d.3.2.0.dylib in Frameworks */,
				D0F0FA451E456780004132EC /* libopencv_ximgproc.3.2.0.dylib in Frameworks */,
				D0F0FA461E456780004132EC /* libopencv_xobjdetect.3.2.0.dylib in Frameworks */,
				D0F0FA471E456780004132EC /* libopencv_xphoto.3.2.0.dylib in Frameworks */,
			);
			runOnlyForDeploymentPostprocessing = 0;
		};
/* End PBXFrameworksBuildPhase section */

/* Begin PBXGroup section */
		D01637441E45598C002DCA39 /* Frameworks */ = {
			isa = PBXGroup;
			children = (
				D0F0F9A01E456703004132EC /* lib */,
				D01637451E45598C002DCA39 /* libopencv_aruco.3.2.0.dylib */,
				D01637461E45598C002DCA39 /* libopencv_aruco.3.2.0.dylib */,
				D01637471E45598C002DCA39 /* libopencv_aruco.3.2.0.dylib */,
				D01637481E45598C002DCA39 /* libopencv_bgsegm.3.2.0.dylib */,
				D01637491E45598C002DCA39 /* libopencv_bgsegm.3.2.0.dylib */,
				D016374A1E45598C002DCA39 /* libopencv_bgsegm.3.2.0.dylib */,
				D016374B1E45598C002DCA39 /* libopencv_bioinspired.3.2.0.dylib */,
				D016374C1E45598C002DCA39 /* libopencv_bioinspired.3.2.0.dylib */,
				D016374D1E45598C002DCA39 /* libopencv_bioinspired.3.2.0.dylib */,
				D016374E1E45598C002DCA39 /* libopencv_calib3d.3.2.0.dylib */,
				D016374F1E45598C002DCA39 /* libopencv_calib3d.3.2.0.dylib */,
				D01637501E45598C002DCA39 /* libopencv_calib3d.3.2.0.dylib */,
				D01637511E45598C002DCA39 /* libopencv_ccalib.3.2.0.dylib */,
				D01637521E45598C002DCA39 /* libopencv_ccalib.3.2.0.dylib */,
				D01637531E45598C002DCA39 /* libopencv_ccalib.3.2.0.dylib */,
				D01637541E45598C002DCA39 /* libopencv_core.3.2.0.dylib */,
				D01637551E45598C002DCA39 /* libopencv_core.3.2.0.dylib */,
				D01637561E45598C002DCA39 /* libopencv_core.3.2.0.dylib */,
				D01637571E45598C002DCA39 /* libopencv_datasets.3.2.0.dylib */,
				D01637581E45598C002DCA39 /* libopencv_datasets.3.2.0.dylib */,
				D01637591E45598C002DCA39 /* libopencv_datasets.3.2.0.dylib */,
				D016375A1E45598C002DCA39 /* libopencv_dnn.3.2.0.dylib */,
				D016375B1E45598C002DCA39 /* libopencv_dnn.3.2.0.dylib */,
				D016375C1E45598C002DCA39 /* libopencv_dnn.3.2.0.dylib */,
				D016375D1E45598C002DCA39 /* libopencv_dpm.3.2.0.dylib */,
				D016375E1E45598C002DCA39 /* libopencv_dpm.3.2.0.dylib */,
				D016375F1E45598C002DCA39 /* libopencv_dpm.3.2.0.dylib */,
				D01637601E45598C002DCA39 /* libopencv_face.3.2.0.dylib */,
				D01637611E45598C002DCA39 /* libopencv_face.3.2.0.dylib */,
				D01637621E45598C002DCA39 /* libopencv_face.3.2.0.dylib */,
				D01637631E45598C002DCA39 /* libopencv_features2d.3.2.0.dylib */,
				D01637641E45598C002DCA39 /* libopencv_features2d.3.2.0.dylib */,
				D01637651E45598C002DCA39 /* libopencv_features2d.3.2.0.dylib */,
				D01637661E45598C002DCA39 /* libopencv_flann.3.2.0.dylib */,
				D01637671E45598C002DCA39 /* libopencv_flann.3.2.0.dylib */,
				D01637681E45598C002DCA39 /* libopencv_flann.3.2.0.dylib */,
				D01637691E45598C002DCA39 /* libopencv_fuzzy.3.2.0.dylib */,
				D016376A1E45598C002DCA39 /* libopencv_fuzzy.3.2.0.dylib */,
				D016376B1E45598C002DCA39 /* libopencv_fuzzy.3.2.0.dylib */,
				D016376C1E45598C002DCA39 /* libopencv_highgui.3.2.0.dylib */,
				D016376D1E45598C002DCA39 /* libopencv_highgui.3.2.0.dylib */,
				D016376E1E45598C002DCA39 /* libopencv_highgui.3.2.0.dylib */,
				D016376F1E45598C002DCA39 /* libopencv_imgcodecs.3.2.0.dylib */,
				D01637701E45598C002DCA39 /* libopencv_imgcodecs.3.2.0.dylib */,
				D01637711E45598C002DCA39 /* libopencv_imgcodecs.3.2.0.dylib */,
				D01637721E45598C002DCA39 /* libopencv_imgproc.3.2.0.dylib */,
				D01637731E45598C002DCA39 /* libopencv_imgproc.3.2.0.dylib */,
				D01637741E45598C002DCA39 /* libopencv_imgproc.3.2.0.dylib */,
				D01637751E45598D002DCA39 /* libopencv_line_descriptor.3.2.0.dylib */,
				D01637761E45598D002DCA39 /* libopencv_line_descriptor.3.2.0.dylib */,
				D01637771E45598D002DCA39 /* libopencv_line_descriptor.3.2.0.dylib */,
				D01637781E45598D002DCA39 /* libopencv_ml.3.2.0.dylib */,
				D01637791E45598D002DCA39 /* libopencv_ml.3.2.0.dylib */,
				D016377A1E45598D002DCA39 /* libopencv_ml.3.2.0.dylib */,
				D016377B1E45598D002DCA39 /* libopencv_objdetect.3.2.0.dylib */,
				D016377C1E45598D002DCA39 /* libopencv_objdetect.3.2.0.dylib */,
				D016377D1E45598D002DCA39 /* libopencv_objdetect.3.2.0.dylib */,
				D016377E1E45598D002DCA39 /* libopencv_optflow.3.2.0.dylib */,
				D016377F1E45598D002DCA39 /* libopencv_optflow.3.2.0.dylib */,
				D01637801E45598D002DCA39 /* libopencv_optflow.3.2.0.dylib */,
				D01637811E45598D002DCA39 /* libopencv_phase_unwrapping.3.2.0.dylib */,
				D01637821E45598D002DCA39 /* libopencv_phase_unwrapping.3.2.0.dylib */,
				D01637831E45598D002DCA39 /* libopencv_phase_unwrapping.3.2.0.dylib */,
				D01637841E45598D002DCA39 /* libopencv_photo.3.2.0.dylib */,
				D01637851E45598D002DCA39 /* libopencv_photo.3.2.0.dylib */,
				D01637861E45598D002DCA39 /* libopencv_photo.3.2.0.dylib */,
				D01637871E45598D002DCA39 /* libopencv_plot.3.2.0.dylib */,
				D01637881E45598D002DCA39 /* libopencv_plot.3.2.0.dylib */,
				D01637891E45598D002DCA39 /* libopencv_plot.3.2.0.dylib */,
				D016378A1E45598D002DCA39 /* libopencv_reg.3.2.0.dylib */,
				D016378B1E45598D002DCA39 /* libopencv_reg.3.2.0.dylib */,
				D016378C1E45598D002DCA39 /* libopencv_reg.3.2.0.dylib */,
				D016378D1E45598D002DCA39 /* libopencv_rgbd.3.2.0.dylib */,
				D016378E1E45598D002DCA39 /* libopencv_rgbd.3.2.0.dylib */,
				D016378F1E45598D002DCA39 /* libopencv_rgbd.3.2.0.dylib */,
				D01637901E45598D002DCA39 /* libopencv_saliency.3.2.0.dylib */,
				D01637911E45598D002DCA39 /* libopencv_saliency.3.2.0.dylib */,
				D01637921E45598D002DCA39 /* libopencv_saliency.3.2.0.dylib */,
				D01637931E45598D002DCA39 /* libopencv_shape.3.2.0.dylib */,
				D01637941E45598D002DCA39 /* libopencv_shape.3.2.0.dylib */,
				D01637951E45598D002DCA39 /* libopencv_shape.3.2.0.dylib */,
				D01637961E45598D002DCA39 /* libopencv_stereo.3.2.0.dylib */,
				D01637971E45598D002DCA39 /* libopencv_stereo.3.2.0.dylib */,
				D01637981E45598D002DCA39 /* libopencv_stereo.3.2.0.dylib */,
				D01637991E45598D002DCA39 /* libopencv_stitching.3.2.0.dylib */,
				D016379A1E45598D002DCA39 /* libopencv_stitching.3.2.0.dylib */,
				D016379B1E45598D002DCA39 /* libopencv_stitching.3.2.0.dylib */,
				D016379C1E45598D002DCA39 /* libopencv_structured_light.3.2.0.dylib */,
				D016379D1E45598D002DCA39 /* libopencv_structured_light.3.2.0.dylib */,
				D016379E1E45598D002DCA39 /* libopencv_structured_light.3.2.0.dylib */,
				D016379F1E45598D002DCA39 /* libopencv_superres.3.2.0.dylib */,
				D01637A01E45598D002DCA39 /* libopencv_superres.3.2.0.dylib */,
				D01637A11E45598D002DCA39 /* libopencv_superres.3.2.0.dylib */,
				D01637A21E45598D002DCA39 /* libopencv_surface_matching.3.2.0.dylib */,
				D01637A31E45598D002DCA39 /* libopencv_surface_matching.3.2.0.dylib */,
				D01637A41E45598D002DCA39 /* libopencv_surface_matching.3.2.0.dylib */,
				D01637A51E45598D002DCA39 /* libopencv_text.3.2.0.dylib */,
				D01637A61E45598D002DCA39 /* libopencv_text.3.2.0.dylib */,
				D01637A71E45598D002DCA39 /* libopencv_text.3.2.0.dylib */,
				D01637A81E45598D002DCA39 /* libopencv_tracking.3.2.0.dylib */,
				D01637A91E45598D002DCA39 /* libopencv_tracking.3.2.0.dylib */,
				D01637AA1E45598D002DCA39 /* libopencv_tracking.3.2.0.dylib */,
				D01637AB1E45598D002DCA39 /* libopencv_video.3.2.0.dylib */,
				D01637AC1E45598D002DCA39 /* libopencv_video.3.2.0.dylib */,
				D01637AD1E45598D002DCA39 /* libopencv_video.3.2.0.dylib */,
				D01637AE1E45598D002DCA39 /* libopencv_videoio.3.2.0.dylib */,
				D01637AF1E45598D002DCA39 /* libopencv_videoio.3.2.0.dylib */,
				D01637B01E45598D002DCA39 /* libopencv_videoio.3.2.0.dylib */,
				D01637B11E45598D002DCA39 /* libopencv_videostab.3.2.0.dylib */,
				D01637B21E45598D002DCA39 /* libopencv_videostab.3.2.0.dylib */,
				D01637B31E45598D002DCA39 /* libopencv_videostab.3.2.0.dylib */,
				D01637B41E45598D002DCA39 /* libopencv_xfeatures2d.3.2.0.dylib */,
				D01637B51E45598D002DCA39 /* libopencv_xfeatures2d.3.2.0.dylib */,
				D01637B61E45598D002DCA39 /* libopencv_xfeatures2d.3.2.0.dylib */,
				D01637B71E45598D002DCA39 /* libopencv_ximgproc.3.2.0.dylib */,
				D01637B81E45598D002DCA39 /* libopencv_ximgproc.3.2.0.dylib */,
				D01637B91E45598D002DCA39 /* libopencv_ximgproc.3.2.0.dylib */,
				D01637BA1E45598D002DCA39 /* libopencv_xobjdetect.3.2.0.dylib */,
				D01637BB1E45598D002DCA39 /* libopencv_xobjdetect.3.2.0.dylib */,
				D01637BC1E45598D002DCA39 /* libopencv_xobjdetect.3.2.0.dylib */,
				D01637BD1E45598D002DCA39 /* libopencv_xphoto.3.2.0.dylib */,
				D01637BE1E45598D002DCA39 /* libopencv_xphoto.3.2.0.dylib */,
				D01637BF1E45598D002DCA39 /* libopencv_xphoto.3.2.0.dylib */,
				D01637C01E45598D002DCA39 /* pkgconfig */,
				D01637C11E45598D002DCA39 /* python2.7 */,
			);
			name = Frameworks;
			sourceTree = "<group>";
		};
		D0A7A1001E3FD9B900A9D6CA = {
			isa = PBXGroup;
			children = (
				D0A7A11A1E3FDA3200A9D6CA /* README.md */,
				D0A7A10B1E3FD9B900A9D6CA /* ComputerVision_0.1 */,
				D0A7A10A1E3FD9B900A9D6CA /* Products */,
				D01637441E45598C002DCA39 /* Frameworks */,
			);
			sourceTree = "<group>";
		};
		D0A7A10A1E3FD9B900A9D6CA /* Products */ = {
			isa = PBXGroup;
			children = (
				D0A7A1091E3FD9B900A9D6CA /* ComputerVision_0.1 */,
			);
			name = Products;
			sourceTree = "<group>";
		};
		D0A7A10B1E3FD9B900A9D6CA /* ComputerVision_0.1 */ = {
			isa = PBXGroup;
			children = (
				D0A7A1131E3FD9E100A9D6CA /* ComputerVision_0.1.cpp */,
			);
			path = ComputerVision_0.1;
			sourceTree = "<group>";
		};
/* End PBXGroup section */

/* Begin PBXNativeTarget section */
		D0A7A1081E3FD9B900A9D6CA /* ComputerVision_0.1 */ = {
			isa = PBXNativeTarget;
			buildConfigurationList = D0A7A1101E3FD9B900A9D6CA /* Build configuration list for PBXNativeTarget "ComputerVision_0.1" */;
			buildPhases = (
				D0A7A1051E3FD9B900A9D6CA /* Sources */,
				D0A7A1061E3FD9B900A9D6CA /* Frameworks */,
				D0A7A1071E3FD9B900A9D6CA /* CopyFiles */,
			);
			buildRules = (
			);
			dependencies = (
			);
			name = ComputerVision_0.1;
			productName = ComputerVision_0.1;
			productReference = D0A7A1091E3FD9B900A9D6CA /* ComputerVision_0.1 */;
			productType = "com.apple.product-type.tool";
		};
/* End PBXNativeTarget section */

/* Begin PBXProject section */
		D0A7A1011E3FD9B900A9D6CA /* Project object */ = {
			isa = PBXProject;
			attributes = {
				LastUpgradeCheck = 0820;
				ORGANIZATIONNAME = AVE;
				TargetAttributes = {
					D0A7A1081E3FD9B900A9D6CA = {
						CreatedOnToolsVersion = 8.2.1;
						DevelopmentTeam = 747EALPHEP;
						ProvisioningStyle = Automatic;
					};
				};
			};
			buildConfigurationList = D0A7A1041E3FD9B900A9D6CA /* Build configuration list for PBXProject "ComputerVision_0.1" */;
			compatibilityVersion = "Xcode 3.2";
			developmentRegion = English;
			hasScannedForEncodings = 0;
			knownRegions = (
				en,
			);
			mainGroup = D0A7A1001E3FD9B900A9D6CA;
			productRefGroup = D0A7A10A1E3FD9B900A9D6CA /* Products */;
			projectDirPath = "";
			projectRoot = "";
			targets = (
				D0A7A1081E3FD9B900A9D6CA /* ComputerVision_0.1 */,
			);
		};
/* End PBXProject section */

/* Begin PBXSourcesBuildPhase section */
		D0A7A1051E3FD9B900A9D6CA /* Sources */ = {
			isa = PBXSourcesBuildPhase;
			buildActionMask = 2147483647;
			files = (
				D0A7A11B1E3FDA3200A9D6CA /* README.md in Sources */,
				D0A7A1181E3FD9E100A9D6CA /* ComputerVision_0.1.cpp in Sources */,
			);
			runOnlyForDeploymentPostprocessing = 0;
		};
/* End PBXSourcesBuildPhase section */

/* Begin XCBuildConfiguration section */
		D0A7A10E1E3FD9B900A9D6CA /* Debug */ = {
			isa = XCBuildConfiguration;
			buildSettings = {
				ALWAYS_SEARCH_USER_PATHS = NO;
				CLANG_ANALYZER_NONNULL = YES;
				CLANG_CXX_LANGUAGE_STANDARD = "gnu++0x";
				CLANG_CXX_LIBRARY = "libc++";
				CLANG_ENABLE_MODULES = YES;
				CLANG_ENABLE_OBJC_ARC = YES;
				CLANG_WARN_BOOL_CONVERSION = YES;
				CLANG_WARN_CONSTANT_CONVERSION = YES;
				CLANG_WARN_DIRECT_OBJC_ISA_USAGE = YES_ERROR;
				CLANG_WARN_DOCUMENTATION_COMMENTS = YES;
				CLANG_WARN_EMPTY_BODY = YES;
				CLANG_WARN_ENUM_CONVERSION = YES;
				CLANG_WARN_INFINITE_RECURSION = YES;
				CLANG_WARN_INT_CONVERSION = YES;
				CLANG_WARN_OBJC_ROOT_CLASS = YES_ERROR;
				CLANG_WARN_SUSPICIOUS_MOVE = YES;
				CLANG_WARN_UNREACHABLE_CODE = YES;
				CLANG_WARN__DUPLICATE_METHOD_MATCH = YES;
				CODE_SIGN_IDENTITY = "-";
				COPY_PHASE_STRIP = NO;
				DEBUG_INFORMATION_FORMAT = dwarf;
				ENABLE_STRICT_OBJC_MSGSEND = YES;
				ENABLE_TESTABILITY = YES;
				GCC_C_LANGUAGE_STANDARD = gnu99;
				GCC_DYNAMIC_NO_PIC = NO;
				GCC_NO_COMMON_BLOCKS = YES;
				GCC_OPTIMIZATION_LEVEL = 0;
				GCC_PREPROCESSOR_DEFINITIONS = (
					"DEBUG=1",
					"$(inherited)",
				);
				GCC_WARN_64_TO_32_BIT_CONVERSION = YES;
				GCC_WARN_ABOUT_RETURN_TYPE = YES_ERROR;
				GCC_WARN_UNDECLARED_SELECTOR = YES;
				GCC_WARN_UNINITIALIZED_AUTOS = YES_AGGRESSIVE;
				GCC_WARN_UNUSED_FUNCTION = YES;
				GCC_WARN_UNUSED_VARIABLE = YES;
				MACOSX_DEPLOYMENT_TARGET = 10.12;
				MTL_ENABLE_DEBUG_INFO = YES;
				ONLY_ACTIVE_ARCH = YES;
				SDKROOT = macosx;
			};
			name = Debug;
		};
		D0A7A10F1E3FD9B900A9D6CA /* Release */ = {
			isa = XCBuildConfiguration;
			buildSettings = {
				ALWAYS_SEARCH_USER_PATHS = NO;
				CLANG_ANALYZER_NONNULL = YES;
				CLANG_CXX_LANGUAGE_STANDARD = "gnu++0x";
				CLANG_CXX_LIBRARY = "libc++";
				CLANG_ENABLE_MODULES = YES;
				CLANG_ENABLE_OBJC_ARC = YES;
				CLANG_WARN_BOOL_CONVERSION = YES;
				CLANG_WARN_CONSTANT_CONVERSION = YES;
				CLANG_WARN_DIRECT_OBJC_ISA_USAGE = YES_ERROR;
				CLANG_WARN_DOCUMENTATION_COMMENTS = YES;
				CLANG_WARN_EMPTY_BODY = YES;
				CLANG_WARN_ENUM_CONVERSION = YES;
				CLANG_WARN_INFINITE_RECURSION = YES;
				CLANG_WARN_INT_CONVERSION = YES;
				CLANG_WARN_OBJC_ROOT_CLASS = YES_ERROR;
				CLANG_WARN_SUSPICIOUS_MOVE = YES;
				CLANG_WARN_UNREACHABLE_CODE = YES;
				CLANG_WARN__DUPLICATE_METHOD_MATCH = YES;
				CODE_SIGN_IDENTITY = "-";
				COPY_PHASE_STRIP = NO;
				DEBUG_INFORMATION_FORMAT = "dwarf-with-dsym";
				ENABLE_NS_ASSERTIONS = NO;
				ENABLE_STRICT_OBJC_MSGSEND = YES;
				GCC_C_LANGUAGE_STANDARD = gnu99;
				GCC_NO_COMMON_BLOCKS = YES;
				GCC_WARN_64_TO_32_BIT_CONVERSION = YES;
				GCC_WARN_ABOUT_RETURN_TYPE = YES_ERROR;
				GCC_WARN_UNDECLARED_SELECTOR = YES;
				GCC_WARN_UNINITIALIZED_AUTOS = YES_AGGRESSIVE;
				GCC_WARN_UNUSED_FUNCTION = YES;
				GCC_WARN_UNUSED_VARIABLE = YES;
				MACOSX_DEPLOYMENT_TARGET = 10.12;
				MTL_ENABLE_DEBUG_INFO = NO;
				SDKROOT = macosx;
			};
			name = Release;
		};
		D0A7A1111E3FD9B900A9D6CA /* Debug */ = {
			isa = XCBuildConfiguration;
			buildSettings = {
				ALWAYS_SEARCH_USER_PATHS = NO;
				DEVELOPMENT_TEAM = 747EALPHEP;
				HEADER_SEARCH_PATHS = /usr/local/opt/opencv3/include;
				LIBRARY_SEARCH_PATHS = /usr/local/opt/opencv3/lib;
				OTHER_CPLUSPLUSFLAGS = "$(OTHER_CFLAGS)";
				PRODUCT_NAME = "$(TARGET_NAME)";
			};
			name = Debug;
		};
		D0A7A1121E3FD9B900A9D6CA /* Release */ = {
			isa = XCBuildConfiguration;
			buildSettings = {
				ALWAYS_SEARCH_USER_PATHS = NO;
				DEVELOPMENT_TEAM = 747EALPHEP;
				HEADER_SEARCH_PATHS = /usr/local/opt/opencv3/include;
				LIBRARY_SEARCH_PATHS = /usr/local/opt/opencv3/lib;
				OTHER_CPLUSPLUSFLAGS = "$(OTHER_CFLAGS)";
				PRODUCT_NAME = "$(TARGET_NAME)";
			};
			name = Release;
		};
/* End XCBuildConfiguration section */

/* Begin XCConfigurationList section */
		D0A7A1041E3FD9B900A9D6CA /* Build configuration list for PBXProject "ComputerVision_0.1" */ = {
			isa = XCConfigurationList;
			buildConfigurations = (
				D0A7A10E1E3FD9B900A9D6CA /* Debug */,
				D0A7A10F1E3FD9B900A9D6CA /* Release */,
			);
			defaultConfigurationIsVisible = 0;
			defaultConfigurationName = Release;
		};
		D0A7A1101E3FD9B900A9D6CA /* Build configuration list for PBXNativeTarget "ComputerVision_0.1" */ = {
			isa = XCConfigurationList;
			buildConfigurations = (
				D0A7A1111E3FD9B900A9D6CA /* Debug */,
				D0A7A1121E3FD9B900A9D6CA /* Release */,
			);
			defaultConfigurationIsVisible = 0;
			defaultConfigurationName = Release;
		};
/* End XCConfigurationList section */
	};
	rootObject = D0A7A1011E3FD9B900A9D6CA /* Project object */;
}
